// !$*UTF8*$!
{
	archiveVersion = 1;
	classes = {
	};
	objectVersion = 46;
	objects = {

/* Begin PBXBuildFile section */
		5EF856D1285D2B5100A6C1DD /* Main.storyboard in Resources */ = {isa = PBXBuildFile; fileRef = 5EF856B5285D2B5100A6C1DD /* Main.storyboard */; };
		5EF856D2285D2B5100A6C1DD /* GLCalendarViewDemoController.m in Sources */ = {isa = PBXBuildFile; fileRef = 5EF856B6285D2B5100A6C1DD /* GLCalendarViewDemoController.m */; };
		5EF856D3285D2B5100A6C1DD /* main.m in Sources */ = {isa = PBXBuildFile; fileRef = 5EF856B8285D2B5100A6C1DD /* main.m */; };
		5EF856D4285D2B5100A6C1DD /* GLCalendarView.m in Sources */ = {isa = PBXBuildFile; fileRef = 5EF856BA285D2B5100A6C1DD /* GLCalendarView.m */; };
		5EF856D5285D2B5100A6C1DD /* GLCalendarDayCell.m in Sources */ = {isa = PBXBuildFile; fileRef = 5EF856BE285D2B5100A6C1DD /* GLCalendarDayCell.m */; };
		5EF856D6285D2B5100A6C1DD /* GLCalendarDayCell.xib in Resources */ = {isa = PBXBuildFile; fileRef = 5EF856BF285D2B5100A6C1DD /* GLCalendarDayCell.xib */; };
		5EF856D7285D2B5100A6C1DD /* GLCalendarDayCellBackgroundCover.m in Sources */ = {isa = PBXBuildFile; fileRef = 5EF856C0285D2B5100A6C1DD /* GLCalendarDayCellBackgroundCover.m */; };
		5EF856D8285D2B5100A6C1DD /* GLDateUtils.m in Sources */ = {isa = PBXBuildFile; fileRef = 5EF856C1285D2B5100A6C1DD /* GLDateUtils.m */; };
		5EF856D9285D2B5100A6C1DD /* gl-calendar-shadow@2x.png in Resources */ = {isa = PBXBuildFile; fileRef = 5EF856C3285D2B5100A6C1DD /* gl-calendar-shadow@2x.png */; };
		5EF856DA285D2B5100A6C1DD /* gl-calendar-shadow@3x.png in Resources */ = {isa = PBXBuildFile; fileRef = 5EF856C4285D2B5100A6C1DD /* gl-calendar-shadow@3x.png */; };
		5EF856DB285D2B5100A6C1DD /* gl-calendar-shadow.png in Resources */ = {isa = PBXBuildFile; fileRef = 5EF856C5285D2B5100A6C1DD /* gl-calendar-shadow.png */; };
		5EF856DC285D2B5100A6C1DD /* gl-calendar-magnify-glass.png in Resources */ = {isa = PBXBuildFile; fileRef = 5EF856C6285D2B5100A6C1DD /* gl-calendar-magnify-glass.png */; };
		5EF856DD285D2B5100A6C1DD /* gl-calendar-magnify-glass@2x.png in Resources */ = {isa = PBXBuildFile; fileRef = 5EF856C7285D2B5100A6C1DD /* gl-calendar-magnify-glass@2x.png */; };
		5EF856DE285D2B5100A6C1DD /* GLCalendarMonthCoverView.m in Sources */ = {isa = PBXBuildFile; fileRef = 5EF856C9285D2B5100A6C1DD /* GLCalendarMonthCoverView.m */; };
		5EF856DF285D2B5100A6C1DD /* GLCalendarDateRange.m in Sources */ = {isa = PBXBuildFile; fileRef = 5EF856CC285D2B5100A6C1DD /* GLCalendarDateRange.m */; };
		5EF856E0285D2B5100A6C1DD /* GLCalendarView.xib in Resources */ = {isa = PBXBuildFile; fileRef = 5EF856CD285D2B5100A6C1DD /* GLCalendarView.xib */; };
		5EF856E1285D2B5100A6C1DD /* AppDelegate.m in Sources */ = {isa = PBXBuildFile; fileRef = 5EF856CF285D2B5100A6C1DD /* AppDelegate.m */; };
		5EF856E7285D2DA800A6C1DD /* GLCalendarViewTests.m in Sources */ = {isa = PBXBuildFile; fileRef = 5EF856E5285D2DA800A6C1DD /* GLCalendarViewTests.m */; };
		5EF856E8285D2DA800A6C1DD /* Info.plist in Resources */ = {isa = PBXBuildFile; fileRef = 5EF856E6285D2DA800A6C1DD /* Info.plist */; };
/* End PBXBuildFile section */

/* Begin PBXContainerItemProxy section */
		FA2D5F5C1AF0C101003D4CE7 /* PBXContainerItemProxy */ = {
			isa = PBXContainerItemProxy;
			containerPortal = FA2D5F3A1AF0C101003D4CE7 /* Project object */;
			proxyType = 1;
			remoteGlobalIDString = FA2D5F411AF0C101003D4CE7;
			remoteInfo = GLCalendarView;
		};
/* End PBXContainerItemProxy section */

/* Begin PBXFileReference section */
		5EF856B0285D29E200A6C1DD /* Package.swift */ = {isa = PBXFileReference; lastKnownFileType = sourcecode.swift; path = Package.swift; sourceTree = "<group>"; };
		5EF856B4285D2B5100A6C1DD /* GLCalendarViewDemoController.h */ = {isa = PBXFileReference; fileEncoding = 4; lastKnownFileType = sourcecode.c.h; path = GLCalendarViewDemoController.h; sourceTree = "<group>"; };
		5EF856B5285D2B5100A6C1DD /* Main.storyboard */ = {isa = PBXFileReference; fileEncoding = 4; lastKnownFileType = file.storyboard; path = Main.storyboard; sourceTree = "<group>"; };
		5EF856B6285D2B5100A6C1DD /* GLCalendarViewDemoController.m */ = {isa = PBXFileReference; fileEncoding = 4; lastKnownFileType = sourcecode.c.objc; path = GLCalendarViewDemoController.m; sourceTree = "<group>"; };
		5EF856B7285D2B5100A6C1DD /* AppDelegate.h */ = {isa = PBXFileReference; fileEncoding = 4; lastKnownFileType = sourcecode.c.h; path = AppDelegate.h; sourceTree = "<group>"; };
		5EF856B8285D2B5100A6C1DD /* main.m */ = {isa = PBXFileReference; fileEncoding = 4; lastKnownFileType = sourcecode.c.objc; path = main.m; sourceTree = "<group>"; };
		5EF856BA285D2B5100A6C1DD /* GLCalendarView.m */ = {isa = PBXFileReference; fileEncoding = 4; lastKnownFileType = sourcecode.c.objc; path = GLCalendarView.m; sourceTree = "<group>"; };
		5EF856BC285D2B5100A6C1DD /* GLCalendarDayCell.h */ = {isa = PBXFileReference; fileEncoding = 4; lastKnownFileType = sourcecode.c.h; path = GLCalendarDayCell.h; sourceTree = "<group>"; };
		5EF856BD285D2B5100A6C1DD /* GLCalendarDayCellBackgroundCover.h */ = {isa = PBXFileReference; fileEncoding = 4; lastKnownFileType = sourcecode.c.h; path = GLCalendarDayCellBackgroundCover.h; sourceTree = "<group>"; };
		5EF856BE285D2B5100A6C1DD /* GLCalendarDayCell.m */ = {isa = PBXFileReference; fileEncoding = 4; lastKnownFileType = sourcecode.c.objc; path = GLCalendarDayCell.m; sourceTree = "<group>"; };
		5EF856BF285D2B5100A6C1DD /* GLCalendarDayCell.xib */ = {isa = PBXFileReference; fileEncoding = 4; lastKnownFileType = file.xib; path = GLCalendarDayCell.xib; sourceTree = "<group>"; };
		5EF856C0285D2B5100A6C1DD /* GLCalendarDayCellBackgroundCover.m */ = {isa = PBXFileReference; fileEncoding = 4; lastKnownFileType = sourcecode.c.objc; path = GLCalendarDayCellBackgroundCover.m; sourceTree = "<group>"; };
		5EF856C1285D2B5100A6C1DD /* GLDateUtils.m */ = {isa = PBXFileReference; fileEncoding = 4; lastKnownFileType = sourcecode.c.objc; path = GLDateUtils.m; sourceTree = "<group>"; };
		5EF856C3285D2B5100A6C1DD /* gl-calendar-shadow@2x.png */ = {isa = PBXFileReference; lastKnownFileType = image.png; path = "gl-calendar-shadow@2x.png"; sourceTree = "<group>"; };
		5EF856C4285D2B5100A6C1DD /* gl-calendar-shadow@3x.png */ = {isa = PBXFileReference; lastKnownFileType = image.png; path = "gl-calendar-shadow@3x.png"; sourceTree = "<group>"; };
		5EF856C5285D2B5100A6C1DD /* gl-calendar-shadow.png */ = {isa = PBXFileReference; lastKnownFileType = image.png; path = "gl-calendar-shadow.png"; sourceTree = "<group>"; };
		5EF856C6285D2B5100A6C1DD /* gl-calendar-magnify-glass.png */ = {isa = PBXFileReference; lastKnownFileType = image.png; path = "gl-calendar-magnify-glass.png"; sourceTree = "<group>"; };
		5EF856C7285D2B5100A6C1DD /* gl-calendar-magnify-glass@2x.png */ = {isa = PBXFileReference; lastKnownFileType = image.png; path = "gl-calendar-magnify-glass@2x.png"; sourceTree = "<group>"; };
		5EF856C8285D2B5100A6C1DD /* GLCalendarDateRange.h */ = {isa = PBXFileReference; fileEncoding = 4; lastKnownFileType = sourcecode.c.h; path = GLCalendarDateRange.h; sourceTree = "<group>"; };
		5EF856C9285D2B5100A6C1DD /* GLCalendarMonthCoverView.m */ = {isa = PBXFileReference; fileEncoding = 4; lastKnownFileType = sourcecode.c.objc; path = GLCalendarMonthCoverView.m; sourceTree = "<group>"; };
		5EF856CA285D2B5100A6C1DD /* GLCalendarView.h */ = {isa = PBXFileReference; fileEncoding = 4; lastKnownFileType = sourcecode.c.h; path = GLCalendarView.h; sourceTree = "<group>"; };
		5EF856CB285D2B5100A6C1DD /* GLDateUtils.h */ = {isa = PBXFileReference; fileEncoding = 4; lastKnownFileType = sourcecode.c.h; path = GLDateUtils.h; sourceTree = "<group>"; };
		5EF856CC285D2B5100A6C1DD /* GLCalendarDateRange.m */ = {isa = PBXFileReference; fileEncoding = 4; lastKnownFileType = sourcecode.c.objc; path = GLCalendarDateRange.m; sourceTree = "<group>"; };
		5EF856CD285D2B5100A6C1DD /* GLCalendarView.xib */ = {isa = PBXFileReference; fileEncoding = 4; lastKnownFileType = file.xib; path = GLCalendarView.xib; sourceTree = "<group>"; };
		5EF856CE285D2B5100A6C1DD /* GLCalendarMonthCoverView.h */ = {isa = PBXFileReference; fileEncoding = 4; lastKnownFileType = sourcecode.c.h; path = GLCalendarMonthCoverView.h; sourceTree = "<group>"; };
		5EF856CF285D2B5100A6C1DD /* AppDelegate.m */ = {isa = PBXFileReference; fileEncoding = 4; lastKnownFileType = sourcecode.c.objc; path = AppDelegate.m; sourceTree = "<group>"; };
		5EF856D0285D2B5100A6C1DD /* Info.plist */ = {isa = PBXFileReference; fileEncoding = 4; lastKnownFileType = text.plist.xml; path = Info.plist; sourceTree = "<group>"; };
		5EF856E5285D2DA800A6C1DD /* GLCalendarViewTests.m */ = {isa = PBXFileReference; fileEncoding = 4; lastKnownFileType = sourcecode.c.objc; path = GLCalendarViewTests.m; sourceTree = "<group>"; };
		5EF856E6285D2DA800A6C1DD /* Info.plist */ = {isa = PBXFileReference; fileEncoding = 4; lastKnownFileType = text.plist.xml; path = Info.plist; sourceTree = "<group>"; };
		FA2D5F421AF0C101003D4CE7 /* GLCalendarView.app */ = {isa = PBXFileReference; explicitFileType = wrapper.application; includeInIndex = 0; path = GLCalendarView.app; sourceTree = BUILT_PRODUCTS_DIR; };
		FA2D5F5B1AF0C101003D4CE7 /* GLCalendarViewTests.xctest */ = {isa = PBXFileReference; explicitFileType = wrapper.cfbundle; includeInIndex = 0; path = GLCalendarViewTests.xctest; sourceTree = BUILT_PRODUCTS_DIR; };
/* End PBXFileReference section */

/* Begin PBXFrameworksBuildPhase section */
		FA2D5F3F1AF0C101003D4CE7 /* Frameworks */ = {
			isa = PBXFrameworksBuildPhase;
			buildActionMask = 2147483647;
			files = (
			);
			runOnlyForDeploymentPostprocessing = 0;
		};
		FA2D5F581AF0C101003D4CE7 /* Frameworks */ = {
			isa = PBXFrameworksBuildPhase;
			buildActionMask = 2147483647;
			files = (
			);
			runOnlyForDeploymentPostprocessing = 0;
		};
/* End PBXFrameworksBuildPhase section */

/* Begin PBXGroup section */
		5EF856B1285D2B5100A6C1DD /* Sources */ = {
			isa = PBXGroup;
			children = (
				5EF856B2285D2B5100A6C1DD /* GLCalendarView */,
			);
			path = Sources;
			sourceTree = "<group>";
		};
		5EF856B2285D2B5100A6C1DD /* GLCalendarView */ = {
			isa = PBXGroup;
			children = (
				5EF856B3285D2B5100A6C1DD /* Demo */,
				5EF856B7285D2B5100A6C1DD /* AppDelegate.h */,
				5EF856B8285D2B5100A6C1DD /* main.m */,
				5EF856B9285D2B5100A6C1DD /* Sources */,
				5EF856CF285D2B5100A6C1DD /* AppDelegate.m */,
				5EF856D0285D2B5100A6C1DD /* Info.plist */,
			);
			path = GLCalendarView;
			sourceTree = "<group>";
		};
		5EF856B3285D2B5100A6C1DD /* Demo */ = {
			isa = PBXGroup;
			children = (
				5EF856B4285D2B5100A6C1DD /* GLCalendarViewDemoController.h */,
				5EF856B5285D2B5100A6C1DD /* Main.storyboard */,
				5EF856B6285D2B5100A6C1DD /* GLCalendarViewDemoController.m */,
			);
			path = Demo;
			sourceTree = "<group>";
		};
		5EF856B9285D2B5100A6C1DD /* Sources */ = {
			isa = PBXGroup;
			children = (
				5EF856BA285D2B5100A6C1DD /* GLCalendarView.m */,
				5EF856BB285D2B5100A6C1DD /* GLCalendarDayCell */,
				5EF856C1285D2B5100A6C1DD /* GLDateUtils.m */,
				5EF856C2285D2B5100A6C1DD /* Images */,
				5EF856C8285D2B5100A6C1DD /* GLCalendarDateRange.h */,
				5EF856C9285D2B5100A6C1DD /* GLCalendarMonthCoverView.m */,
				5EF856CA285D2B5100A6C1DD /* GLCalendarView.h */,
				5EF856CB285D2B5100A6C1DD /* GLDateUtils.h */,
				5EF856CC285D2B5100A6C1DD /* GLCalendarDateRange.m */,
				5EF856CD285D2B5100A6C1DD /* GLCalendarView.xib */,
				5EF856CE285D2B5100A6C1DD /* GLCalendarMonthCoverView.h */,
			);
			path = Sources;
			sourceTree = "<group>";
		};
		5EF856BB285D2B5100A6C1DD /* GLCalendarDayCell */ = {
			isa = PBXGroup;
			children = (
				5EF856BC285D2B5100A6C1DD /* GLCalendarDayCell.h */,
				5EF856BD285D2B5100A6C1DD /* GLCalendarDayCellBackgroundCover.h */,
				5EF856BE285D2B5100A6C1DD /* GLCalendarDayCell.m */,
				5EF856BF285D2B5100A6C1DD /* GLCalendarDayCell.xib */,
				5EF856C0285D2B5100A6C1DD /* GLCalendarDayCellBackgroundCover.m */,
			);
			path = GLCalendarDayCell;
			sourceTree = "<group>";
		};
		5EF856C2285D2B5100A6C1DD /* Images */ = {
			isa = PBXGroup;
			children = (
				5EF856C3285D2B5100A6C1DD /* gl-calendar-shadow@2x.png */,
				5EF856C4285D2B5100A6C1DD /* gl-calendar-shadow@3x.png */,
				5EF856C5285D2B5100A6C1DD /* gl-calendar-shadow.png */,
				5EF856C6285D2B5100A6C1DD /* gl-calendar-magnify-glass.png */,
				5EF856C7285D2B5100A6C1DD /* gl-calendar-magnify-glass@2x.png */,
			);
			path = Images;
			sourceTree = "<group>";
		};
		5EF856E3285D2DA700A6C1DD /* Tests */ = {
			isa = PBXGroup;
			children = (
				5EF856E4285D2DA800A6C1DD /* GLCalendarViewTests */,
			);
			path = Tests;
			sourceTree = "<group>";
		};
		5EF856E4285D2DA800A6C1DD /* GLCalendarViewTests */ = {
			isa = PBXGroup;
			children = (
				5EF856E5285D2DA800A6C1DD /* GLCalendarViewTests.m */,
				5EF856E6285D2DA800A6C1DD /* Info.plist */,
			);
			path = GLCalendarViewTests;
			sourceTree = "<group>";
		};
		FA2D5F391AF0C101003D4CE7 = {
			isa = PBXGroup;
			children = (
				5EF856B0285D29E200A6C1DD /* Package.swift */,
				5EF856B1285D2B5100A6C1DD /* Sources */,
				5EF856E3285D2DA700A6C1DD /* Tests */,
				FA2D5F431AF0C101003D4CE7 /* Products */,
			);
			sourceTree = "<group>";
		};
		FA2D5F431AF0C101003D4CE7 /* Products */ = {
			isa = PBXGroup;
			children = (
				FA2D5F421AF0C101003D4CE7 /* GLCalendarView.app */,
				FA2D5F5B1AF0C101003D4CE7 /* GLCalendarViewTests.xctest */,
			);
			name = Products;
			sourceTree = "<group>";
		};
/* End PBXGroup section */

/* Begin PBXNativeTarget section */
		FA2D5F411AF0C101003D4CE7 /* GLCalendarView */ = {
			isa = PBXNativeTarget;
			buildConfigurationList = FA2D5F651AF0C101003D4CE7 /* Build configuration list for PBXNativeTarget "GLCalendarView" */;
			buildPhases = (
				FA2D5F3E1AF0C101003D4CE7 /* Sources */,
				FA2D5F3F1AF0C101003D4CE7 /* Frameworks */,
				FA2D5F401AF0C101003D4CE7 /* Resources */,
			);
			buildRules = (
			);
			dependencies = (
			);
			name = GLCalendarView;
			productName = GLCalendarView;
			productReference = FA2D5F421AF0C101003D4CE7 /* GLCalendarView.app */;
			productType = "com.apple.product-type.application";
		};
		FA2D5F5A1AF0C101003D4CE7 /* GLCalendarViewTests */ = {
			isa = PBXNativeTarget;
			buildConfigurationList = FA2D5F681AF0C101003D4CE7 /* Build configuration list for PBXNativeTarget "GLCalendarViewTests" */;
			buildPhases = (
				FA2D5F571AF0C101003D4CE7 /* Sources */,
				FA2D5F581AF0C101003D4CE7 /* Frameworks */,
				FA2D5F591AF0C101003D4CE7 /* Resources */,
			);
			buildRules = (
			);
			dependencies = (
				FA2D5F5D1AF0C101003D4CE7 /* PBXTargetDependency */,
			);
			name = GLCalendarViewTests;
			productName = GLCalendarViewTests;
			productReference = FA2D5F5B1AF0C101003D4CE7 /* GLCalendarViewTests.xctest */;
			productType = "com.apple.product-type.bundle.unit-test";
		};
/* End PBXNativeTarget section */

/* Begin PBXProject section */
		FA2D5F3A1AF0C101003D4CE7 /* Project object */ = {
			isa = PBXProject;
			attributes = {
				LastUpgradeCheck = 1200;
				ORGANIZATIONNAME = glow;
				TargetAttributes = {
					FA2D5F411AF0C101003D4CE7 = {
						CreatedOnToolsVersion = 6.1.1;
					};
					FA2D5F5A1AF0C101003D4CE7 = {
						CreatedOnToolsVersion = 6.1.1;
						TestTargetID = FA2D5F411AF0C101003D4CE7;
					};
				};
			};
			buildConfigurationList = FA2D5F3D1AF0C101003D4CE7 /* Build configuration list for PBXProject "GLCalendarView" */;
			compatibilityVersion = "Xcode 3.2";
			developmentRegion = en;
			hasScannedForEncodings = 0;
			knownRegions = (
				en,
				Base,
			);
			mainGroup = FA2D5F391AF0C101003D4CE7;
			productRefGroup = FA2D5F431AF0C101003D4CE7 /* Products */;
			projectDirPath = "";
			projectRoot = "";
			targets = (
				FA2D5F411AF0C101003D4CE7 /* GLCalendarView */,
				FA2D5F5A1AF0C101003D4CE7 /* GLCalendarViewTests */,
			);
		};
/* End PBXProject section */

/* Begin PBXResourcesBuildPhase section */
		FA2D5F401AF0C101003D4CE7 /* Resources */ = {
			isa = PBXResourcesBuildPhase;
			buildActionMask = 2147483647;
			files = (
				5EF856DA285D2B5100A6C1DD /* gl-calendar-shadow@3x.png in Resources */,
				5EF856DD285D2B5100A6C1DD /* gl-calendar-magnify-glass@2x.png in Resources */,
				5EF856DC285D2B5100A6C1DD /* gl-calendar-magnify-glass.png in Resources */,
				5EF856E0285D2B5100A6C1DD /* GLCalendarView.xib in Resources */,
				5EF856DB285D2B5100A6C1DD /* gl-calendar-shadow.png in Resources */,
				5EF856D1285D2B5100A6C1DD /* Main.storyboard in Resources */,
				5EF856D6285D2B5100A6C1DD /* GLCalendarDayCell.xib in Resources */,
				5EF856D9285D2B5100A6C1DD /* gl-calendar-shadow@2x.png in Resources */,
			);
			runOnlyForDeploymentPostprocessing = 0;
		};
		FA2D5F591AF0C101003D4CE7 /* Resources */ = {
			isa = PBXResourcesBuildPhase;
			buildActionMask = 2147483647;
			files = (
				5EF856E8285D2DA800A6C1DD /* Info.plist in Resources */,
			);
			runOnlyForDeploymentPostprocessing = 0;
		};
/* End PBXResourcesBuildPhase section */

/* Begin PBXSourcesBuildPhase section */
		FA2D5F3E1AF0C101003D4CE7 /* Sources */ = {
			isa = PBXSourcesBuildPhase;
			buildActionMask = 2147483647;
			files = (
				5EF856DF285D2B5100A6C1DD /* GLCalendarDateRange.m in Sources */,
				5EF856D8285D2B5100A6C1DD /* GLDateUtils.m in Sources */,
				5EF856E1285D2B5100A6C1DD /* AppDelegate.m in Sources */,
				5EF856D3285D2B5100A6C1DD /* main.m in Sources */,
				5EF856DE285D2B5100A6C1DD /* GLCalendarMonthCoverView.m in Sources */,
				5EF856D5285D2B5100A6C1DD /* GLCalendarDayCell.m in Sources */,
				5EF856D4285D2B5100A6C1DD /* GLCalendarView.m in Sources */,
				5EF856D2285D2B5100A6C1DD /* GLCalendarViewDemoController.m in Sources */,
				5EF856D7285D2B5100A6C1DD /* GLCalendarDayCellBackgroundCover.m in Sources */,
			);
			runOnlyForDeploymentPostprocessing = 0;
		};
		FA2D5F571AF0C101003D4CE7 /* Sources */ = {
			isa = PBXSourcesBuildPhase;
			buildActionMask = 2147483647;
			files = (
				5EF856E7285D2DA800A6C1DD /* GLCalendarViewTests.m in Sources */,
			);
			runOnlyForDeploymentPostprocessing = 0;
		};
/* End PBXSourcesBuildPhase section */

/* Begin PBXTargetDependency section */
		FA2D5F5D1AF0C101003D4CE7 /* PBXTargetDependency */ = {
			isa = PBXTargetDependency;
			target = FA2D5F411AF0C101003D4CE7 /* GLCalendarView */;
			targetProxy = FA2D5F5C1AF0C101003D4CE7 /* PBXContainerItemProxy */;
		};
/* End PBXTargetDependency section */

/* Begin XCBuildConfiguration section */
		FA2D5F631AF0C101003D4CE7 /* Debug */ = {
			isa = XCBuildConfiguration;
			buildSettings = {
				ALWAYS_SEARCH_USER_PATHS = NO;
				CLANG_CXX_LANGUAGE_STANDARD = "gnu++0x";
				CLANG_CXX_LIBRARY = "libc++";
				CLANG_ENABLE_MODULES = YES;
				CLANG_ENABLE_OBJC_ARC = YES;
				CLANG_WARN_BLOCK_CAPTURE_AUTORELEASING = YES;
				CLANG_WARN_BOOL_CONVERSION = YES;
				CLANG_WARN_COMMA = YES;
				CLANG_WARN_CONSTANT_CONVERSION = YES;
				CLANG_WARN_DEPRECATED_OBJC_IMPLEMENTATIONS = YES;
				CLANG_WARN_DIRECT_OBJC_ISA_USAGE = YES_ERROR;
				CLANG_WARN_EMPTY_BODY = YES;
				CLANG_WARN_ENUM_CONVERSION = YES;
				CLANG_WARN_INFINITE_RECURSION = YES;
				CLANG_WARN_INT_CONVERSION = YES;
				CLANG_WARN_NON_LITERAL_NULL_CONVERSION = YES;
				CLANG_WARN_OBJC_IMPLICIT_RETAIN_SELF = YES;
				CLANG_WARN_OBJC_LITERAL_CONVERSION = YES;
				CLANG_WARN_OBJC_ROOT_CLASS = YES_ERROR;
				CLANG_WARN_QUOTED_INCLUDE_IN_FRAMEWORK_HEADER = YES;
				CLANG_WARN_RANGE_LOOP_ANALYSIS = YES;
				CLANG_WARN_STRICT_PROTOTYPES = YES;
				CLANG_WARN_SUSPICIOUS_MOVE = YES;
				CLANG_WARN_UNREACHABLE_CODE = YES;
				CLANG_WARN__DUPLICATE_METHOD_MATCH = YES;
				"CODE_SIGN_IDENTITY[sdk=iphoneos*]" = "iPhone Developer";
				COPY_PHASE_STRIP = NO;
				ENABLE_STRICT_OBJC_MSGSEND = YES;
				ENABLE_TESTABILITY = YES;
				GCC_C_LANGUAGE_STANDARD = gnu99;
				GCC_DYNAMIC_NO_PIC = NO;
				GCC_NO_COMMON_BLOCKS = YES;
				GCC_OPTIMIZATION_LEVEL = 0;
				GCC_PREPROCESSOR_DEFINITIONS = (
					"DEBUG=1",
					"$(inherited)",
				);
				GCC_SYMBOLS_PRIVATE_EXTERN = NO;
				GCC_WARN_64_TO_32_BIT_CONVERSION = YES;
				GCC_WARN_ABOUT_RETURN_TYPE = YES_ERROR;
				GCC_WARN_UNDECLARED_SELECTOR = YES;
				GCC_WARN_UNINITIALIZED_AUTOS = YES_AGGRESSIVE;
				GCC_WARN_UNUSED_FUNCTION = YES;
				GCC_WARN_UNUSED_VARIABLE = YES;
				IPHONEOS_DEPLOYMENT_TARGET = 13.0;
				MTL_ENABLE_DEBUG_INFO = YES;
				ONLY_ACTIVE_ARCH = YES;
				SDKROOT = iphoneos;
			};
			name = Debug;
		};
		FA2D5F641AF0C101003D4CE7 /* Release */ = {
			isa = XCBuildConfiguration;
			buildSettings = {
				ALWAYS_SEARCH_USER_PATHS = NO;
				CLANG_CXX_LANGUAGE_STANDARD = "gnu++0x";
				CLANG_CXX_LIBRARY = "libc++";
				CLANG_ENABLE_MODULES = YES;
				CLANG_ENABLE_OBJC_ARC = YES;
				CLANG_WARN_BLOCK_CAPTURE_AUTORELEASING = YES;
				CLANG_WARN_BOOL_CONVERSION = YES;
				CLANG_WARN_COMMA = YES;
				CLANG_WARN_CONSTANT_CONVERSION = YES;
				CLANG_WARN_DEPRECATED_OBJC_IMPLEMENTATIONS = YES;
				CLANG_WARN_DIRECT_OBJC_ISA_USAGE = YES_ERROR;
				CLANG_WARN_EMPTY_BODY = YES;
				CLANG_WARN_ENUM_CONVERSION = YES;
				CLANG_WARN_INFINITE_RECURSION = YES;
				CLANG_WARN_INT_CONVERSION = YES;
				CLANG_WARN_NON_LITERAL_NULL_CONVERSION = YES;
				CLANG_WARN_OBJC_IMPLICIT_RETAIN_SELF = YES;
				CLANG_WARN_OBJC_LITERAL_CONVERSION = YES;
				CLANG_WARN_OBJC_ROOT_CLASS = YES_ERROR;
				CLANG_WARN_QUOTED_INCLUDE_IN_FRAMEWORK_HEADER = YES;
				CLANG_WARN_RANGE_LOOP_ANALYSIS = YES;
				CLANG_WARN_STRICT_PROTOTYPES = YES;
				CLANG_WARN_SUSPICIOUS_MOVE = YES;
				CLANG_WARN_UNREACHABLE_CODE = YES;
				CLANG_WARN__DUPLICATE_METHOD_MATCH = YES;
				"CODE_SIGN_IDENTITY[sdk=iphoneos*]" = "iPhone Developer";
				COPY_PHASE_STRIP = YES;
				ENABLE_NS_ASSERTIONS = NO;
				ENABLE_STRICT_OBJC_MSGSEND = YES;
				GCC_C_LANGUAGE_STANDARD = gnu99;
				GCC_NO_COMMON_BLOCKS = YES;
				GCC_WARN_64_TO_32_BIT_CONVERSION = YES;
				GCC_WARN_ABOUT_RETURN_TYPE = YES_ERROR;
				GCC_WARN_UNDECLARED_SELECTOR = YES;
				GCC_WARN_UNINITIALIZED_AUTOS = YES_AGGRESSIVE;
				GCC_WARN_UNUSED_FUNCTION = YES;
				GCC_WARN_UNUSED_VARIABLE = YES;
				IPHONEOS_DEPLOYMENT_TARGET = 13.0;
				MTL_ENABLE_DEBUG_INFO = NO;
				SDKROOT = iphoneos;
				VALIDATE_PRODUCT = YES;
			};
			name = Release;
		};
		FA2D5F661AF0C101003D4CE7 /* Debug */ = {
			isa = XCBuildConfiguration;
			buildSettings = {
				ASSETCATALOG_COMPILER_APPICON_NAME = AppIcon;
				INFOPLIST_FILE = "$(SRCROOT)/Sources/GLCalendarView/Info.plist";
				LD_RUNPATH_SEARCH_PATHS = "$(inherited) @executable_path/Frameworks";
				PRODUCT_BUNDLE_IDENTIFIER = "com.glowing.$(PRODUCT_NAME:rfc1034identifier)";
				PRODUCT_NAME = "$(TARGET_NAME)";
			};
			name = Debug;
		};
		FA2D5F671AF0C101003D4CE7 /* Release */ = {
			isa = XCBuildConfiguration;
			buildSettings = {
				ASSETCATALOG_COMPILER_APPICON_NAME = AppIcon;
				INFOPLIST_FILE = "$(SRCROOT)/Sources/GLCalendarView/Info.plist";
				LD_RUNPATH_SEARCH_PATHS = "$(inherited) @executable_path/Frameworks";
				PRODUCT_BUNDLE_IDENTIFIER = "com.glowing.$(PRODUCT_NAME:rfc1034identifier)";
				PRODUCT_NAME = "$(TARGET_NAME)";
			};
			name = Release;
		};
		FA2D5F691AF0C101003D4CE7 /* Debug */ = {
			isa = XCBuildConfiguration;
			buildSettings = {
				BUNDLE_LOADER = "$(TEST_HOST)";
				FRAMEWORK_SEARCH_PATHS = (
					"$(SDKROOT)/Developer/Library/Frameworks",
					"$(inherited)",
				);
				GCC_PREPROCESSOR_DEFINITIONS = (
					"DEBUG=1",
					"$(inherited)",
				);
				INFOPLIST_FILE = "$(SRCROOT)/Sources/GLCalendarViewTests/Info.plist";
				LD_RUNPATH_SEARCH_PATHS = "$(inherited) @executable_path/Frameworks @loader_path/Frameworks";
				PRODUCT_BUNDLE_IDENTIFIER = "com.glowing.$(PRODUCT_NAME:rfc1034identifier)";
				PRODUCT_NAME = "$(TARGET_NAME)";
				TEST_HOST = "$(BUILT_PRODUCTS_DIR)/GLCalendarView.app/GLCalendarView";
			};
			name = Debug;
		};
		FA2D5F6A1AF0C101003D4CE7 /* Release */ = {
			isa = XCBuildConfiguration;
			buildSettings = {
				BUNDLE_LOADER = "$(TEST_HOST)";
				FRAMEWORK_SEARCH_PATHS = (
					"$(SDKROOT)/Developer/Library/Frameworks",
					"$(inherited)",
				);
				INFOPLIST_FILE = "$(SRCROOT)/Sources/GLCalendarViewTests/Info.plist";
				LD_RUNPATH_SEARCH_PATHS = "$(inherited) @executable_path/Frameworks @loader_path/Frameworks";
				PRODUCT_BUNDLE_IDENTIFIER = "com.glowing.$(PRODUCT_NAME:rfc1034identifier)";
				PRODUCT_NAME = "$(TARGET_NAME)";
				TEST_HOST = "$(BUILT_PRODUCTS_DIR)/GLCalendarView.app/GLCalendarView";
			};
			name = Release;
		};
/* End XCBuildConfiguration section */

/* Begin XCConfigurationList section */
		FA2D5F3D1AF0C101003D4CE7 /* Build configuration list for PBXProject "GLCalendarView" */ = {
			isa = XCConfigurationList;
			buildConfigurations = (
				FA2D5F631AF0C101003D4CE7 /* Debug */,
				FA2D5F641AF0C101003D4CE7 /* Release */,
			);
			defaultConfigurationIsVisible = 0;
			defaultConfigurationName = Release;
		};
		FA2D5F651AF0C101003D4CE7 /* Build configuration list for PBXNativeTarget "GLCalendarView" */ = {
			isa = XCConfigurationList;
			buildConfigurations = (
				FA2D5F661AF0C101003D4CE7 /* Debug */,
				FA2D5F671AF0C101003D4CE7 /* Release */,
			);
			defaultConfigurationIsVisible = 0;
			defaultConfigurationName = Release;
		};
		FA2D5F681AF0C101003D4CE7 /* Build configuration list for PBXNativeTarget "GLCalendarViewTests" */ = {
			isa = XCConfigurationList;
			buildConfigurations = (
				FA2D5F691AF0C101003D4CE7 /* Debug */,
				FA2D5F6A1AF0C101003D4CE7 /* Release */,
			);
			defaultConfigurationIsVisible = 0;
			defaultConfigurationName = Release;
		};
/* End XCConfigurationList section */
	};
	rootObject = FA2D5F3A1AF0C101003D4CE7 /* Project object */;
}
